// !$*UTF8*$!
{
	archiveVersion = 1;
	classes = {
	};
	objectVersion = 46;
	objects = {

/* Begin PBXBuildFile section */
		230CCD4F1F3096E200D11F3D /* ChooseAvatarVC.swift in Sources */ = {isa = PBXBuildFile; fileRef = 230CCD4E1F3096E200D11F3D /* ChooseAvatarVC.swift */; };
		230CCD511F30973D00D11F3D /* AvatarCell.swift in Sources */ = {isa = PBXBuildFile; fileRef = 230CCD501F30973D00D11F3D /* AvatarCell.swift */; };
		2328119B1F30F650004A28FB /* CircleImageView.swift in Sources */ = {isa = PBXBuildFile; fileRef = 2328119A1F30F650004A28FB /* CircleImageView.swift */; };
		23749F6A1F2F52D500B7CC30 /* CreateAccountVC.swift in Sources */ = {isa = PBXBuildFile; fileRef = 23749F691F2F52D500B7CC30 /* CreateAccountVC.swift */; };
		23749F6D1F2F82EB00B7CC30 /* AuthServices.swift in Sources */ = {isa = PBXBuildFile; fileRef = 23749F6C1F2F82EB00B7CC30 /* AuthServices.swift */; };
		23749F6F1F2F953F00B7CC30 /* RoundedButton.swift in Sources */ = {isa = PBXBuildFile; fileRef = 23749F6E1F2F953F00B7CC30 /* RoundedButton.swift */; };
		23749F711F2FA98800B7CC30 /* UserDataServices.swift in Sources */ = {isa = PBXBuildFile; fileRef = 23749F701F2FA98800B7CC30 /* UserDataServices.swift */; };
		239C3FCB1F2E1E5C00C9947A /* AppDelegate.swift in Sources */ = {isa = PBXBuildFile; fileRef = 239C3FCA1F2E1E5C00C9947A /* AppDelegate.swift */; };
		239C3FD01F2E1E5C00C9947A /* Main.storyboard in Resources */ = {isa = PBXBuildFile; fileRef = 239C3FCE1F2E1E5C00C9947A /* Main.storyboard */; };
		239C3FD21F2E1E5C00C9947A /* Assets.xcassets in Resources */ = {isa = PBXBuildFile; fileRef = 239C3FD11F2E1E5C00C9947A /* Assets.xcassets */; };
		239C3FD51F2E1E5C00C9947A /* LaunchScreen.storyboard in Resources */ = {isa = PBXBuildFile; fileRef = 239C3FD31F2E1E5C00C9947A /* LaunchScreen.storyboard */; };
		239C3FE01F2E261900C9947A /* SWRevealViewController.m in Sources */ = {isa = PBXBuildFile; fileRef = 239C3FDF1F2E261900C9947A /* SWRevealViewController.m */; };
		239C3FE51F2E292700C9947A /* ChatVC.swift in Sources */ = {isa = PBXBuildFile; fileRef = 239C3FE41F2E292700C9947A /* ChatVC.swift */; };
		239C3FE71F2E293A00C9947A /* ChannelVC.swift in Sources */ = {isa = PBXBuildFile; fileRef = 239C3FE61F2E293A00C9947A /* ChannelVC.swift */; };
		239C3FE91F2E3FC800C9947A /* GradientView.swift in Sources */ = {isa = PBXBuildFile; fileRef = 239C3FE81F2E3FC800C9947A /* GradientView.swift */; };
		239C3FEB1F2E51FA00C9947A /* LoginVC.swift in Sources */ = {isa = PBXBuildFile; fileRef = 239C3FEA1F2E51FA00C9947A /* LoginVC.swift */; };
		239C3FEE1F2E52A600C9947A /* Constants.swift in Sources */ = {isa = PBXBuildFile; fileRef = 239C3FED1F2E52A600C9947A /* Constants.swift */; };
		734D212B59E7DAB20C3855A6 /* Pods_Smack.framework in Frameworks */ = {isa = PBXBuildFile; fileRef = 6F98AF3B7D4C4560E854D89B /* Pods_Smack.framework */; };
/* End PBXBuildFile section */

/* Begin PBXFileReference section */
		22CB8AF0B16741959F897F0F /* Pods-Smack.release.xcconfig */ = {isa = PBXFileReference; includeInIndex = 1; lastKnownFileType = text.xcconfig; name = "Pods-Smack.release.xcconfig"; path = "Pods/Target Support Files/Pods-Smack/Pods-Smack.release.xcconfig"; sourceTree = "<group>"; };
		230CCD4E1F3096E200D11F3D /* ChooseAvatarVC.swift */ = {isa = PBXFileReference; fileEncoding = 4; lastKnownFileType = sourcecode.swift; path = ChooseAvatarVC.swift; sourceTree = "<group>"; };
		230CCD501F30973D00D11F3D /* AvatarCell.swift */ = {isa = PBXFileReference; fileEncoding = 4; lastKnownFileType = sourcecode.swift; path = AvatarCell.swift; sourceTree = "<group>"; };
		2328119A1F30F650004A28FB /* CircleImageView.swift */ = {isa = PBXFileReference; fileEncoding = 4; lastKnownFileType = sourcecode.swift; path = CircleImageView.swift; sourceTree = "<group>"; };
		23749F691F2F52D500B7CC30 /* CreateAccountVC.swift */ = {isa = PBXFileReference; fileEncoding = 4; lastKnownFileType = sourcecode.swift; path = CreateAccountVC.swift; sourceTree = "<group>"; };
		23749F6C1F2F82EB00B7CC30 /* AuthServices.swift */ = {isa = PBXFileReference; fileEncoding = 4; lastKnownFileType = sourcecode.swift; path = AuthServices.swift; sourceTree = "<group>"; };
		23749F6E1F2F953F00B7CC30 /* RoundedButton.swift */ = {isa = PBXFileReference; fileEncoding = 4; lastKnownFileType = sourcecode.swift; path = RoundedButton.swift; sourceTree = "<group>"; };
		23749F701F2FA98800B7CC30 /* UserDataServices.swift */ = {isa = PBXFileReference; fileEncoding = 4; lastKnownFileType = sourcecode.swift; path = UserDataServices.swift; sourceTree = "<group>"; };
		239C3FC71F2E1E5C00C9947A /* Smack.app */ = {isa = PBXFileReference; explicitFileType = wrapper.application; includeInIndex = 0; path = Smack.app; sourceTree = BUILT_PRODUCTS_DIR; };
		239C3FCA1F2E1E5C00C9947A /* AppDelegate.swift */ = {isa = PBXFileReference; lastKnownFileType = sourcecode.swift; path = AppDelegate.swift; sourceTree = "<group>"; };
		239C3FCF1F2E1E5C00C9947A /* Base */ = {isa = PBXFileReference; lastKnownFileType = file.storyboard; name = Base; path = Base.lproj/Main.storyboard; sourceTree = "<group>"; };
		239C3FD11F2E1E5C00C9947A /* Assets.xcassets */ = {isa = PBXFileReference; lastKnownFileType = folder.assetcatalog; path = Assets.xcassets; sourceTree = "<group>"; };
		239C3FD41F2E1E5C00C9947A /* Base */ = {isa = PBXFileReference; lastKnownFileType = file.storyboard; name = Base; path = Base.lproj/LaunchScreen.storyboard; sourceTree = "<group>"; };
		239C3FD61F2E1E5C00C9947A /* Info.plist */ = {isa = PBXFileReference; lastKnownFileType = text.plist.xml; path = Info.plist; sourceTree = "<group>"; };
		239C3FDD1F2E261800C9947A /* Smack-Bridging-Header.h */ = {isa = PBXFileReference; lastKnownFileType = sourcecode.c.h; path = "Smack-Bridging-Header.h"; sourceTree = "<group>"; };
		239C3FDE1F2E261900C9947A /* SWRevealViewController.h */ = {isa = PBXFileReference; fileEncoding = 4; lastKnownFileType = sourcecode.c.h; path = SWRevealViewController.h; sourceTree = "<group>"; };
		239C3FDF1F2E261900C9947A /* SWRevealViewController.m */ = {isa = PBXFileReference; fileEncoding = 4; lastKnownFileType = sourcecode.c.objc; path = SWRevealViewController.m; sourceTree = "<group>"; };
		239C3FE41F2E292700C9947A /* ChatVC.swift */ = {isa = PBXFileReference; fileEncoding = 4; lastKnownFileType = sourcecode.swift; path = ChatVC.swift; sourceTree = "<group>"; };
		239C3FE61F2E293A00C9947A /* ChannelVC.swift */ = {isa = PBXFileReference; fileEncoding = 4; lastKnownFileType = sourcecode.swift; path = ChannelVC.swift; sourceTree = "<group>"; };
		239C3FE81F2E3FC800C9947A /* GradientView.swift */ = {isa = PBXFileReference; fileEncoding = 4; lastKnownFileType = sourcecode.swift; path = GradientView.swift; sourceTree = "<group>"; };
		239C3FEA1F2E51FA00C9947A /* LoginVC.swift */ = {isa = PBXFileReference; fileEncoding = 4; lastKnownFileType = sourcecode.swift; path = LoginVC.swift; sourceTree = "<group>"; };
		239C3FED1F2E52A600C9947A /* Constants.swift */ = {isa = PBXFileReference; fileEncoding = 4; lastKnownFileType = sourcecode.swift; path = Constants.swift; sourceTree = "<group>"; };
		6F98AF3B7D4C4560E854D89B /* Pods_Smack.framework */ = {isa = PBXFileReference; explicitFileType = wrapper.framework; includeInIndex = 0; path = Pods_Smack.framework; sourceTree = BUILT_PRODUCTS_DIR; };
		AEED58F419D21A84F7C9E8C4 /* Pods-Smack.debug.xcconfig */ = {isa = PBXFileReference; includeInIndex = 1; lastKnownFileType = text.xcconfig; name = "Pods-Smack.debug.xcconfig"; path = "Pods/Target Support Files/Pods-Smack/Pods-Smack.debug.xcconfig"; sourceTree = "<group>"; };
/* End PBXFileReference section */

/* Begin PBXFrameworksBuildPhase section */
		239C3FC41F2E1E5C00C9947A /* Frameworks */ = {
			isa = PBXFrameworksBuildPhase;
			buildActionMask = 2147483647;
			files = (
				734D212B59E7DAB20C3855A6 /* Pods_Smack.framework in Frameworks */,
			);
			runOnlyForDeploymentPostprocessing = 0;
		};
/* End PBXFrameworksBuildPhase section */

/* Begin PBXGroup section */
		23749F6B1F2F82D700B7CC30 /* Services */ = {
			isa = PBXGroup;
			children = (
				23749F6C1F2F82EB00B7CC30 /* AuthServices.swift */,
				23749F701F2FA98800B7CC30 /* UserDataServices.swift */,
			);
			name = Services;
			sourceTree = "<group>";
		};
		239C3FBE1F2E1E5C00C9947A = {
			isa = PBXGroup;
			children = (
				239C3FC91F2E1E5C00C9947A /* Smack */,
				239C3FC81F2E1E5C00C9947A /* Products */,
				426EC26B2A81A36CEEB03519 /* Pods */,
				6471452163DA23ED5CCD148A /* Frameworks */,
			);
			sourceTree = "<group>";
		};
		239C3FC81F2E1E5C00C9947A /* Products */ = {
			isa = PBXGroup;
			children = (
				239C3FC71F2E1E5C00C9947A /* Smack.app */,
			);
			name = Products;
			sourceTree = "<group>";
		};
		239C3FC91F2E1E5C00C9947A /* Smack */ = {
			isa = PBXGroup;
			children = (
				23749F6B1F2F82D700B7CC30 /* Services */,
				239C3FEC1F2E529600C9947A /* Utils */,
				239C3FE11F2E28E300C9947A /* Model */,
				239C3FE21F2E28EA00C9947A /* View */,
				239C3FE31F2E28F100C9947A /* Controller */,
				239C3FDC1F2E25DA00C9947A /* SupportingFiles */,
				239C3FCA1F2E1E5C00C9947A /* AppDelegate.swift */,
				239C3FCE1F2E1E5C00C9947A /* Main.storyboard */,
				239C3FD11F2E1E5C00C9947A /* Assets.xcassets */,
				239C3FD31F2E1E5C00C9947A /* LaunchScreen.storyboard */,
				239C3FD61F2E1E5C00C9947A /* Info.plist */,
			);
			path = Smack;
			sourceTree = "<group>";
		};
		239C3FDC1F2E25DA00C9947A /* SupportingFiles */ = {
			isa = PBXGroup;
			children = (
				239C3FDE1F2E261900C9947A /* SWRevealViewController.h */,
				239C3FDF1F2E261900C9947A /* SWRevealViewController.m */,
				239C3FDD1F2E261800C9947A /* Smack-Bridging-Header.h */,
			);
			name = SupportingFiles;
			sourceTree = "<group>";
		};
		239C3FE11F2E28E300C9947A /* Model */ = {
			isa = PBXGroup;
			children = (
			);
			name = Model;
			sourceTree = "<group>";
		};
		239C3FE21F2E28EA00C9947A /* View */ = {
			isa = PBXGroup;
			children = (
				239C3FE81F2E3FC800C9947A /* GradientView.swift */,
				23749F6E1F2F953F00B7CC30 /* RoundedButton.swift */,
				230CCD501F30973D00D11F3D /* AvatarCell.swift */,
				2328119A1F30F650004A28FB /* CircleImageView.swift */,
			);
			name = View;
			sourceTree = "<group>";
		};
		239C3FE31F2E28F100C9947A /* Controller */ = {
			isa = PBXGroup;
			children = (
				239C3FE41F2E292700C9947A /* ChatVC.swift */,
				239C3FE61F2E293A00C9947A /* ChannelVC.swift */,
				239C3FEA1F2E51FA00C9947A /* LoginVC.swift */,
				23749F691F2F52D500B7CC30 /* CreateAccountVC.swift */,
				230CCD4E1F3096E200D11F3D /* ChooseAvatarVC.swift */,
			);
			name = Controller;
			sourceTree = "<group>";
		};
		239C3FEC1F2E529600C9947A /* Utils */ = {
			isa = PBXGroup;
			children = (
				239C3FED1F2E52A600C9947A /* Constants.swift */,
			);
			name = Utils;
			sourceTree = "<group>";
		};
		426EC26B2A81A36CEEB03519 /* Pods */ = {
			isa = PBXGroup;
			children = (
				AEED58F419D21A84F7C9E8C4 /* Pods-Smack.debug.xcconfig */,
				22CB8AF0B16741959F897F0F /* Pods-Smack.release.xcconfig */,
			);
			name = Pods;
			sourceTree = "<group>";
		};
		6471452163DA23ED5CCD148A /* Frameworks */ = {
			isa = PBXGroup;
			children = (
				6F98AF3B7D4C4560E854D89B /* Pods_Smack.framework */,
			);
			name = Frameworks;
			sourceTree = "<group>";
		};
/* End PBXGroup section */

/* Begin PBXNativeTarget section */
		239C3FC61F2E1E5C00C9947A /* Smack */ = {
			isa = PBXNativeTarget;
			buildConfigurationList = 239C3FD91F2E1E5C00C9947A /* Build configuration list for PBXNativeTarget "Smack" */;
			buildPhases = (
				60446AD0DD173E5FBD63F984 /* [CP] Check Pods Manifest.lock */,
				239C3FC31F2E1E5C00C9947A /* Sources */,
				239C3FC41F2E1E5C00C9947A /* Frameworks */,
				239C3FC51F2E1E5C00C9947A /* Resources */,
				924D04CB3C3234706C96CD3A /* [CP] Embed Pods Frameworks */,
				80AFCD8C683B1114AF978304 /* [CP] Copy Pods Resources */,
			);
			buildRules = (
			);
			dependencies = (
			);
			name = Smack;
			productName = Smack;
			productReference = 239C3FC71F2E1E5C00C9947A /* Smack.app */;
			productType = "com.apple.product-type.application";
		};
/* End PBXNativeTarget section */

/* Begin PBXProject section */
		239C3FBF1F2E1E5C00C9947A /* Project object */ = {
			isa = PBXProject;
			attributes = {
				LastSwiftUpdateCheck = 0830;
				LastUpgradeCheck = 0830;
				ORGANIZATIONNAME = "ITGo Software Solutions";
				TargetAttributes = {
					239C3FC61F2E1E5C00C9947A = {
						CreatedOnToolsVersion = 8.3.3;
						DevelopmentTeam = S7JSA7U366;
						LastSwiftMigration = 0830;
						ProvisioningStyle = Automatic;
					};
				};
			};
			buildConfigurationList = 239C3FC21F2E1E5C00C9947A /* Build configuration list for PBXProject "Smack" */;
			compatibilityVersion = "Xcode 3.2";
			developmentRegion = English;
			hasScannedForEncodings = 0;
			knownRegions = (
				en,
				Base,
			);
			mainGroup = 239C3FBE1F2E1E5C00C9947A;
			productRefGroup = 239C3FC81F2E1E5C00C9947A /* Products */;
			projectDirPath = "";
			projectRoot = "";
			targets = (
				239C3FC61F2E1E5C00C9947A /* Smack */,
			);
		};
/* End PBXProject section */

/* Begin PBXResourcesBuildPhase section */
		239C3FC51F2E1E5C00C9947A /* Resources */ = {
			isa = PBXResourcesBuildPhase;
			buildActionMask = 2147483647;
			files = (
				239C3FD51F2E1E5C00C9947A /* LaunchScreen.storyboard in Resources */,
				239C3FD21F2E1E5C00C9947A /* Assets.xcassets in Resources */,
				239C3FD01F2E1E5C00C9947A /* Main.storyboard in Resources */,
			);
			runOnlyForDeploymentPostprocessing = 0;
		};
/* End PBXResourcesBuildPhase section */

/* Begin PBXShellScriptBuildPhase section */
		60446AD0DD173E5FBD63F984 /* [CP] Check Pods Manifest.lock */ = {
			isa = PBXShellScriptBuildPhase;
			buildActionMask = 2147483647;
			files = (
			);
			inputPaths = (
			);
			name = "[CP] Check Pods Manifest.lock";
			outputPaths = (
			);
			runOnlyForDeploymentPostprocessing = 0;
			shellPath = /bin/sh;
			shellScript = "diff \"${PODS_ROOT}/../Podfile.lock\" \"${PODS_ROOT}/Manifest.lock\" > /dev/null\nif [ $? != 0 ] ; then\n    # print error to STDERR\n    echo \"error: The sandbox is not in sync with the Podfile.lock. Run 'pod install' or update your CocoaPods installation.\" >&2\n    exit 1\nfi\n";
			showEnvVarsInLog = 0;
		};
		80AFCD8C683B1114AF978304 /* [CP] Copy Pods Resources */ = {
			isa = PBXShellScriptBuildPhase;
			buildActionMask = 2147483647;
			files = (
			);
			inputPaths = (
			);
			name = "[CP] Copy Pods Resources";
			outputPaths = (
			);
			runOnlyForDeploymentPostprocessing = 0;
			shellPath = /bin/sh;
			shellScript = "\"${SRCROOT}/Pods/Target Support Files/Pods-Smack/Pods-Smack-resources.sh\"\n";
			showEnvVarsInLog = 0;
		};
		924D04CB3C3234706C96CD3A /* [CP] Embed Pods Frameworks */ = {
			isa = PBXShellScriptBuildPhase;
			buildActionMask = 2147483647;
			files = (
			);
			inputPaths = (
			);
			name = "[CP] Embed Pods Frameworks";
			outputPaths = (
			);
			runOnlyForDeploymentPostprocessing = 0;
			shellPath = /bin/sh;
			shellScript = "\"${SRCROOT}/Pods/Target Support Files/Pods-Smack/Pods-Smack-frameworks.sh\"\n";
			showEnvVarsInLog = 0;
		};
/* End PBXShellScriptBuildPhase section */

/* Begin PBXSourcesBuildPhase section */
		239C3FC31F2E1E5C00C9947A /* Sources */ = {
			isa = PBXSourcesBuildPhase;
			buildActionMask = 2147483647;
			files = (
				239C3FE71F2E293A00C9947A /* ChannelVC.swift in Sources */,
				23749F6F1F2F953F00B7CC30 /* RoundedButton.swift in Sources */,
				2328119B1F30F650004A28FB /* CircleImageView.swift in Sources */,
				239C3FE51F2E292700C9947A /* ChatVC.swift in Sources */,
				23749F6A1F2F52D500B7CC30 /* CreateAccountVC.swift in Sources */,
				239C3FEB1F2E51FA00C9947A /* LoginVC.swift in Sources */,
				239C3FE91F2E3FC800C9947A /* GradientView.swift in Sources */,
				23749F711F2FA98800B7CC30 /* UserDataServices.swift in Sources */,
				239C3FEE1F2E52A600C9947A /* Constants.swift in Sources */,
				230CCD4F1F3096E200D11F3D /* ChooseAvatarVC.swift in Sources */,
				230CCD511F30973D00D11F3D /* AvatarCell.swift in Sources */,
				23749F6D1F2F82EB00B7CC30 /* AuthServices.swift in Sources */,
				239C3FCB1F2E1E5C00C9947A /* AppDelegate.swift in Sources */,
				239C3FE01F2E261900C9947A /* SWRevealViewController.m in Sources */,
			);
			runOnlyForDeploymentPostprocessing = 0;
		};
/* End PBXSourcesBuildPhase section */

/* Begin PBXVariantGroup section */
		239C3FCE1F2E1E5C00C9947A /* Main.storyboard */ = {
			isa = PBXVariantGroup;
			children = (
				239C3FCF1F2E1E5C00C9947A /* Base */,
			);
			name = Main.storyboard;
			sourceTree = "<group>";
		};
		239C3FD31F2E1E5C00C9947A /* LaunchScreen.storyboard */ = {
			isa = PBXVariantGroup;
			children = (
				239C3FD41F2E1E5C00C9947A /* Base */,
			);
			name = LaunchScreen.storyboard;
			sourceTree = "<group>";
		};
/* End PBXVariantGroup section */

/* Begin XCBuildConfiguration section */
		239C3FD71F2E1E5C00C9947A /* Debug */ = {
			isa = XCBuildConfiguration;
			buildSettings = {
				ALWAYS_SEARCH_USER_PATHS = NO;
				CLANG_ANALYZER_NONNULL = YES;
				CLANG_ANALYZER_NUMBER_OBJECT_CONVERSION = YES_AGGRESSIVE;
				CLANG_CXX_LANGUAGE_STANDARD = "gnu++0x";
				CLANG_CXX_LIBRARY = "libc++";
				CLANG_ENABLE_MODULES = YES;
				CLANG_ENABLE_OBJC_ARC = YES;
				CLANG_WARN_BOOL_CONVERSION = YES;
				CLANG_WARN_CONSTANT_CONVERSION = YES;
				CLANG_WARN_DIRECT_OBJC_ISA_USAGE = YES_ERROR;
				CLANG_WARN_DOCUMENTATION_COMMENTS = YES;
				CLANG_WARN_EMPTY_BODY = YES;
				CLANG_WARN_ENUM_CONVERSION = YES;
				CLANG_WARN_INFINITE_RECURSION = YES;
				CLANG_WARN_INT_CONVERSION = YES;
				CLANG_WARN_OBJC_ROOT_CLASS = YES_ERROR;
				CLANG_WARN_SUSPICIOUS_MOVE = YES;
				CLANG_WARN_UNREACHABLE_CODE = YES;
				CLANG_WARN__DUPLICATE_METHOD_MATCH = YES;
				"CODE_SIGN_IDENTITY[sdk=iphoneos*]" = "iPhone Developer";
				COPY_PHASE_STRIP = NO;
				DEBUG_INFORMATION_FORMAT = dwarf;
				ENABLE_STRICT_OBJC_MSGSEND = YES;
				ENABLE_TESTABILITY = YES;
				GCC_C_LANGUAGE_STANDARD = gnu99;
				GCC_DYNAMIC_NO_PIC = NO;
				GCC_NO_COMMON_BLOCKS = YES;
				GCC_OPTIMIZATION_LEVEL = 0;
				GCC_PREPROCESSOR_DEFINITIONS = (
					"DEBUG=1",
					"$(inherited)",
				);
				GCC_WARN_64_TO_32_BIT_CONVERSION = YES;
				GCC_WARN_ABOUT_RETURN_TYPE = YES_ERROR;
				GCC_WARN_UNDECLARED_SELECTOR = YES;
				GCC_WARN_UNINITIALIZED_AUTOS = YES_AGGRESSIVE;
				GCC_WARN_UNUSED_FUNCTION = YES;
				GCC_WARN_UNUSED_VARIABLE = YES;
				IPHONEOS_DEPLOYMENT_TARGET = 10.3;
				MTL_ENABLE_DEBUG_INFO = YES;
				ONLY_ACTIVE_ARCH = YES;
				SDKROOT = iphoneos;
				SWIFT_ACTIVE_COMPILATION_CONDITIONS = DEBUG;
				SWIFT_OPTIMIZATION_LEVEL = "-Onone";
			};
			name = Debug;
		};
		239C3FD81F2E1E5C00C9947A /* Release */ = {
			isa = XCBuildConfiguration;
			buildSettings = {
				ALWAYS_SEARCH_USER_PATHS = NO;
				CLANG_ANALYZER_NONNULL = YES;
				CLANG_ANALYZER_NUMBER_OBJECT_CONVERSION = YES_AGGRESSIVE;
				CLANG_CXX_LANGUAGE_STANDARD = "gnu++0x";
				CLANG_CXX_LIBRARY = "libc++";
				CLANG_ENABLE_MODULES = YES;
				CLANG_ENABLE_OBJC_ARC = YES;
				CLANG_WARN_BOOL_CONVERSION = YES;
				CLANG_WARN_CONSTANT_CONVERSION = YES;
				CLANG_WARN_DIRECT_OBJC_ISA_USAGE = YES_ERROR;
				CLANG_WARN_DOCUMENTATION_COMMENTS = YES;
				CLANG_WARN_EMPTY_BODY = YES;
				CLANG_WARN_ENUM_CONVERSION = YES;
				CLANG_WARN_INFINITE_RECURSION = YES;
				CLANG_WARN_INT_CONVERSION = YES;
				CLANG_WARN_OBJC_ROOT_CLASS = YES_ERROR;
				CLANG_WARN_SUSPICIOUS_MOVE = YES;
				CLANG_WARN_UNREACHABLE_CODE = YES;
				CLANG_WARN__DUPLICATE_METHOD_MATCH = YES;
				"CODE_SIGN_IDENTITY[sdk=iphoneos*]" = "iPhone Developer";
				COPY_PHASE_STRIP = NO;
				DEBUG_INFORMATION_FORMAT = "dwarf-with-dsym";
				ENABLE_NS_ASSERTIONS = NO;
				ENABLE_STRICT_OBJC_MSGSEND = YES;
				GCC_C_LANGUAGE_STANDARD = gnu99;
				GCC_NO_COMMON_BLOCKS = YES;
				GCC_WARN_64_TO_32_BIT_CONVERSION = YES;
				GCC_WARN_ABOUT_RETURN_TYPE = YES_ERROR;
				GCC_WARN_UNDECLARED_SELECTOR = YES;
				GCC_WARN_UNINITIALIZED_AUTOS = YES_AGGRESSIVE;
				GCC_WARN_UNUSED_FUNCTION = YES;
				GCC_WARN_UNUSED_VARIABLE = YES;
				IPHONEOS_DEPLOYMENT_TARGET = 10.3;
				MTL_ENABLE_DEBUG_INFO = NO;
				SDKROOT = iphoneos;
				SWIFT_OPTIMIZATION_LEVEL = "-Owholemodule";
				VALIDATE_PRODUCT = YES;
			};
			name = Release;
		};
		239C3FDA1F2E1E5C00C9947A /* Debug */ = {
			isa = XCBuildConfiguration;
			baseConfigurationReference = AEED58F419D21A84F7C9E8C4 /* Pods-Smack.debug.xcconfig */;
			buildSettings = {
				ASSETCATALOG_COMPILER_APPICON_NAME = AppIcon;
				CLANG_ENABLE_MODULES = YES;
				DEVELOPMENT_TEAM = S7JSA7U366;
				INFOPLIST_FILE = Smack/Info.plist;
				LD_RUNPATH_SEARCH_PATHS = "$(inherited) @executable_path/Frameworks";
				PRODUCT_BUNDLE_IDENTIFIER = com.itgosolutions.Smack;
				PRODUCT_NAME = "$(TARGET_NAME)";
				SWIFT_OBJC_BRIDGING_HEADER = "Smack/Smack-Bridging-Header.h";
				SWIFT_OPTIMIZATION_LEVEL = "-Onone";
				SWIFT_VERSION = 3.0;
			};
			name = Debug;
		};
		239C3FDB1F2E1E5C00C9947A /* Release */ = {
			isa = XCBuildConfiguration;
			baseConfigurationReference = 22CB8AF0B16741959F897F0F /* Pods-Smack.release.xcconfig */;
			buildSettings = {
				ASSETCATALOG_COMPILER_APPICON_NAME = AppIcon;
				CLANG_ENABLE_MODULES = YES;
				DEVELOPMENT_TEAM = S7JSA7U366;
				INFOPLIST_FILE = Smack/Info.plist;
				LD_RUNPATH_SEARCH_PATHS = "$(inherited) @executable_path/Frameworks";
				PRODUCT_BUNDLE_IDENTIFIER = com.itgosolutions.Smack;
				PRODUCT_NAME = "$(TARGET_NAME)";
				SWIFT_OBJC_BRIDGING_HEADER = "Smack/Smack-Bridging-Header.h";
				SWIFT_VERSION = 3.0;
			};
			name = Release;
		};
/* End XCBuildConfiguration section */

/* Begin XCConfigurationList section */
		239C3FC21F2E1E5C00C9947A /* Build configuration list for PBXProject "Smack" */ = {
			isa = XCConfigurationList;
			buildConfigurations = (
				239C3FD71F2E1E5C00C9947A /* Debug */,
				239C3FD81F2E1E5C00C9947A /* Release */,
			);
			defaultConfigurationIsVisible = 0;
			defaultConfigurationName = Release;
		};
		239C3FD91F2E1E5C00C9947A /* Build configuration list for PBXNativeTarget "Smack" */ = {
			isa = XCConfigurationList;
			buildConfigurations = (
				239C3FDA1F2E1E5C00C9947A /* Debug */,
				239C3FDB1F2E1E5C00C9947A /* Release */,
			);
			defaultConfigurationIsVisible = 0;
			defaultConfigurationName = Release;
		};
/* End XCConfigurationList section */
	};
	rootObject = 239C3FBF1F2E1E5C00C9947A /* Project object */;
}
